
Microsoft Visual Studio Solution File, Format Version 12.00
# Visual Studio Version 17
VisualStudioVersion = 17.5.33530.505
MinimumVisualStudioVersion = 10.0.40219.1
Project("{FAE04EC0-301F-11D3-BF4B-00C04F79EFBC}") = "IkProjesi-1", "IkProjesi-1\IkProjesi-1.csproj", "{B3862976-1F65-49DD-AC3F-E83608F14636}"
EndProject
Global
	GlobalSection(SolutionConfigurationPlatforms) = preSolution
		Debug|Any CPU = Debug|Any CPU
		Release|Any CPU = Release|Any CPU
	EndGlobalSection
	GlobalSection(ProjectConfigurationPlatforms) = postSolution
		{B3862976-1F65-49DD-AC3F-E83608F14636}.Debug|Any CPU.ActiveCfg = Debug|Any CPU
		{B3862976-1F65-49DD-AC3F-E83608F14636}.Debug|Any CPU.Build.0 = Debug|Any CPU
		{B3862976-1F65-49DD-AC3F-E83608F14636}.Release|Any CPU.ActiveCfg = Release|Any CPU
		{B3862976-1F65-49DD-AC3F-E83608F14636}.Release|Any CPU.Build.0 = Release|Any CPU
	EndGlobalSection
	GlobalSection(SolutionProperties) = preSolution
		HideSolutionNode = FALSE
	EndGlobalSection
	GlobalSection(ExtensibilityGlobals) = postSolution
		SolutionGuid = {6E9082D3-4025-4160-8D12-1000A4DF2953}
	EndGlobalSection
EndGlobal
